
Microsoft Visual Studio Solution File, Format Version 12.00
# Visual Studio Version 16
VisualStudioVersion = 16.0.30804.86
MinimumVisualStudioVersion = 10.0.40219.1
Project("{FAE04EC0-301F-11D3-BF4B-00C04F79EFBC}") = "Попрыженок", "Попрыженок.csproj", "{FEF92A9F-F6BD-4832-BBF6-75C58900FFB1}"
EndProject
Global
	GlobalSection(SolutionConfigurationPlatforms) = preSolution
		Debug|Any CPU = Debug|Any CPU
		Release|Any CPU = Release|Any CPU
	EndGlobalSection
	GlobalSection(ProjectConfigurationPlatforms) = postSolution
		{FEF92A9F-F6BD-4832-BBF6-75C58900FFB1}.Debug|Any CPU.ActiveCfg = Debug|Any CPU
		{FEF92A9F-F6BD-4832-BBF6-75C58900FFB1}.Debug|Any CPU.Build.0 = Debug|Any CPU
		{FEF92A9F-F6BD-4832-BBF6-75C58900FFB1}.Release|Any CPU.ActiveCfg = Release|Any CPU
		{FEF92A9F-F6BD-4832-BBF6-75C58900FFB1}.Release|Any CPU.Build.0 = Release|Any CPU
	EndGlobalSection
	GlobalSection(SolutionProperties) = preSolution
		HideSolutionNode = FALSE
	EndGlobalSection
	GlobalSection(ExtensibilityGlobals) = postSolution
		SolutionGuid = {B670B0BF-712A-40B2-B29D-CAC6FB5BBA50}
	EndGlobalSection
EndGlobal
